
Microsoft Visual Studio Solution File, Format Version 12.00
# Visual Studio 15
VisualStudioVersion = 15.0.27130.2026
MinimumVisualStudioVersion = 10.0.40219.1
Project("{8BC9CEB8-8B4A-11D0-8D11-00A0C91BC942}") = "CppProj", "CppProj\CppProj.vcxproj", "{BF250C2E-ECC9-4E31-99EB-58D5281C78BB}"
EndProject
Global
	GlobalSection(SolutionConfigurationPlatforms) = preSolution
		Debug|x64 = Debug|x64
		Debug|x86 = Debug|x86
		Release|x64 = Release|x64
		Release|x86 = Release|x86
	EndGlobalSection
	GlobalSection(ProjectConfigurationPlatforms) = postSolution
		{BF250C2E-ECC9-4E31-99EB-58D5281C78BB}.Debug|x64.ActiveCfg = Debug|x64
		{BF250C2E-ECC9-4E31-99EB-58D5281C78BB}.Debug|x64.Build.0 = Debug|x64
		{BF250C2E-ECC9-4E31-99EB-58D5281C78BB}.Debug|x86.ActiveCfg = Debug|Win32
		{BF250C2E-ECC9-4E31-99EB-58D5281C78BB}.Debug|x86.Build.0 = Debug|Win32
		{BF250C2E-ECC9-4E31-99EB-58D5281C78BB}.Release|x64.ActiveCfg = Release|x64
		{BF250C2E-ECC9-4E31-99EB-58D5281C78BB}.Release|x64.Build.0 = Release|x64
		{BF250C2E-ECC9-4E31-99EB-58D5281C78BB}.Release|x86.ActiveCfg = Release|Win32
		{BF250C2E-ECC9-4E31-99EB-58D5281C78BB}.Release|x86.Build.0 = Release|Win32
	EndGlobalSection
	GlobalSection(SolutionProperties) = preSolution
		HideSolutionNode = FALSE
	EndGlobalSection
	GlobalSection(ExtensibilityGlobals) = postSolution
		SolutionGuid = {4F89DE7E-FBA0-4C40-9BB7-19D71B00B94B}
	EndGlobalSection
EndGlobal
